{
    "_meta": {
        "hash": {
            "sha256": "3523440e3349e2d6dbde8ca9b9683a40c74547e934025162e7d486659a2bc120"
        },
        "pipfile-spec": 6,
        "requires": {
            "python_version": "3.6"
        },
        "sources": [
            {
                "name": "pypi",
                "url": "https://pypi.org/simple",
                "verify_ssl": true
            }
        ]
    },
    "default": {
        "certifi": {
            "hashes": [
                "sha256:1d987a998c75633c40847cc966fcf5904906c920a7f17ef374f5aa4282abd304",
                "sha256:51fcb31174be6e6664c5f69e3e1691a2d72a1a12e90f872cbdb1567eb47b6519"
            ],
            "version": "==2020.4.5.1"
        },
        "chardet": {
            "hashes": [
                "sha256:84ab92ed1c4d4f16916e05906b6b75a6c0fb5db821cc65e70cbd64a3e2a5eaae",
                "sha256:fc323ffcaeaed0e0a02bf4d117757b98aed530d9ed4531e3e15460124c106691"
            ],
            "version": "==3.0.4"
        },
        "colorama": {
            "hashes": [
                "sha256:7d73d2a99753107a36ac6b455ee49046802e59d9d076ef8e47b61499fa29afff",
                "sha256:e96da0d330793e2cb9485e9ddfd918d456036c7149416295932478192f4436a1"
            ],
            "version": "==0.4.3"
        },
        "cycler": {
            "hashes": [
                "sha256:1d8a5ae1ff6c5cf9b93e8811e581232ad8920aeec647c37316ceac982b08cb2d",
                "sha256:cd7b2d1018258d7247a71425e9f26463dfb444d411c39569972f4ce586b0c9d8"
            ],
            "version": "==0.10.0"
        },
        "django": {
            "hashes": [
                "sha256:84f370f6acedbe1f3c41e1a02de44ac206efda3355e427139ecb785b5f596d80",
                "sha256:e8fe3c2b2212dce6126becab7a693157f1a441a07b62ec994c046c76af5bb66d"
            ],
            "index": "pypi",
            "version": "==2.2.13"
        },
        "django-crispy-forms": {
            "hashes": [
                "sha256:5952bab971110d0b86c278132dae0aa095beee8f723e625c3d3fa28888f1675f",
                "sha256:705ededc554ad8736157c666681165fe22ead2dec0d5446d65fc9dd976a5a876"
            ],
            "index": "pypi",
            "version": "==1.7.2"
        },
        "et-xmlfile": {
            "hashes": [
                "sha256:614d9722d572f6246302c4491846d2c393c199cfa4edc9af593437691683335b"
            ],
            "version": "==1.0.1"
        },
        "idna": {
            "hashes": [
                "sha256:7588d1c14ae4c77d74036e8c22ff447b26d0fde8f007354fd48a7814db15b7cb",
                "sha256:a068a21ceac8a4d63dbfd964670474107f541babbd2250d61922f029858365fa"
            ],
            "version": "==2.9"
        },
        "image": {
            "hashes": [
                "sha256:3f0ea15fb523c68a08098153bb06f4a8913300277e11b61c5e71fdd57b243783",
                "sha256:4a5807ae8f2d73289c01f158cca20082346f51de4a93353422f3ed1d0bdb6785"
            ],
            "index": "pypi",
            "version": "==1.5.27"
        },
        "imagehash": {
            "hashes": [
                "sha256:d7d95534e32e7b9c949029cf9f8383f50fbc3f2246d030da9cd277a8a99d23a3",
                "sha256:f50b2427fc54b87ac7e73d7ba9e7a876a77384645563f225eed1d82e628d07fa"
            ],
            "index": "pypi",
            "version": "==4.0"
        },
        "jdcal": {
            "hashes": [
                "sha256:1abf1305fce18b4e8aa248cf8fe0c56ce2032392bc64bbd61b5dff2a19ec8bba",
                "sha256:472872e096eb8df219c23f2689fc336668bdb43d194094b5cc1707e1640acfc8"
            ],
            "version": "==1.4.1"
        },
        "jinja2": {
            "hashes": [
                "sha256:89aab215427ef59c34ad58735269eb58b1a5808103067f7bb9d5836c651b3bb0",
                "sha256:f0a4641d3cf955324a89c04f3d94663aa4d638abe8f733ecd3582848e1c37035"
            ],
            "version": "==2.11.2"
        },
        "kiwisolver": {
            "hashes": [
                "sha256:03662cbd3e6729f341a97dd2690b271e51a67a68322affab12a5b011344b973c",
                "sha256:18d749f3e56c0480dccd1714230da0f328e6e4accf188dd4e6884bdd06bf02dd",
                "sha256:247800260cd38160c362d211dcaf4ed0f7816afb5efe56544748b21d6ad6d17f",
                "sha256:443c2320520eda0a5b930b2725b26f6175ca4453c61f739fef7a5847bd262f74",
                "sha256:4eadb361baf3069f278b055e3bb53fa189cea2fd02cb2c353b7a99ebb4477ef1",
                "sha256:556da0a5f60f6486ec4969abbc1dd83cf9b5c2deadc8288508e55c0f5f87d29c",
                "sha256:603162139684ee56bcd57acc74035fceed7dd8d732f38c0959c8bd157f913fec",
                "sha256:60a78858580761fe611d22127868f3dc9f98871e6fdf0a15cc4203ed9ba6179b",
                "sha256:7cc095a4661bdd8a5742aaf7c10ea9fac142d76ff1770a0f84394038126d8fc7",
                "sha256:c31bc3c8e903d60a1ea31a754c72559398d91b5929fcb329b1c3a3d3f6e72113",
                "sha256:c955791d80e464da3b471ab41eb65cf5a40c15ce9b001fdc5bbc241170de58ec",
                "sha256:d069ef4b20b1e6b19f790d00097a5d5d2c50871b66d10075dab78938dc2ee2cf",
                "sha256:d52b989dc23cdaa92582ceb4af8d5bcc94d74b2c3e64cd6785558ec6a879793e",
                "sha256:e586b28354d7b6584d8973656a7954b1c69c93f708c0c07b77884f91640b7657",
                "sha256:efcf3397ae1e3c3a4a0a0636542bcad5adad3b1dd3e8e629d0b6e201347176c8",
                "sha256:fccefc0d36a38c57b7bd233a9b485e2f1eb71903ca7ad7adacad6c28a56d62d2"
            ],
            "version": "==1.2.0"
        },
        "markupsafe": {
            "hashes": [
                "sha256:00bc623926325b26bb9605ae9eae8a215691f33cae5df11ca5424f06f2d1f473",
                "sha256:09027a7803a62ca78792ad89403b1b7a73a01c8cb65909cd876f7fcebd79b161",
                "sha256:09c4b7f37d6c648cb13f9230d847adf22f8171b1ccc4d5682398e77f40309235",
                "sha256:1027c282dad077d0bae18be6794e6b6b8c91d58ed8a8d89a89d59693b9131db5",
                "sha256:13d3144e1e340870b25e7b10b98d779608c02016d5184cfb9927a9f10c689f42",
                "sha256:24982cc2533820871eba85ba648cd53d8623687ff11cbb805be4ff7b4c971aff",
                "sha256:29872e92839765e546828bb7754a68c418d927cd064fd4708fab9fe9c8bb116b",
                "sha256:43a55c2930bbc139570ac2452adf3d70cdbb3cfe5912c71cdce1c2c6bbd9c5d1",
                "sha256:46c99d2de99945ec5cb54f23c8cd5689f6d7177305ebff350a58ce5f8de1669e",
                "sha256:500d4957e52ddc3351cabf489e79c91c17f6e0899158447047588650b5e69183",
                "sha256:535f6fc4d397c1563d08b88e485c3496cf5784e927af890fb3c3aac7f933ec66",
                "sha256:596510de112c685489095da617b5bcbbac7dd6384aeebeda4df6025d0256a81b",
                "sha256:62fe6c95e3ec8a7fad637b7f3d372c15ec1caa01ab47926cfdf7a75b40e0eac1",
                "sha256:6788b695d50a51edb699cb55e35487e430fa21f1ed838122d722e0ff0ac5ba15",
                "sha256:6dd73240d2af64df90aa7c4e7481e23825ea70af4b4922f8ede5b9e35f78a3b1",
                "sha256:717ba8fe3ae9cc0006d7c451f0bb265ee07739daf76355d06366154ee68d221e",
                "sha256:79855e1c5b8da654cf486b830bd42c06e8780cea587384cf6545b7d9ac013a0b",
                "sha256:7c1699dfe0cf8ff607dbdcc1e9b9af1755371f92a68f706051cc8c37d447c905",
                "sha256:88e5fcfb52ee7b911e8bb6d6aa2fd21fbecc674eadd44118a9cc3863f938e735",
                "sha256:8defac2f2ccd6805ebf65f5eeb132adcf2ab57aa11fdf4c0dd5169a004710e7d",
                "sha256:98c7086708b163d425c67c7a91bad6e466bb99d797aa64f965e9d25c12111a5e",
                "sha256:9add70b36c5666a2ed02b43b335fe19002ee5235efd4b8a89bfcf9005bebac0d",
                "sha256:9bf40443012702a1d2070043cb6291650a0841ece432556f784f004937f0f32c",
                "sha256:ade5e387d2ad0d7ebf59146cc00c8044acbd863725f887353a10df825fc8ae21",
                "sha256:b00c1de48212e4cc9603895652c5c410df699856a2853135b3967591e4beebc2",
                "sha256:b1282f8c00509d99fef04d8ba936b156d419be841854fe901d8ae224c59f0be5",
                "sha256:b2051432115498d3562c084a49bba65d97cf251f5a331c64a12ee7e04dacc51b",
                "sha256:ba59edeaa2fc6114428f1637ffff42da1e311e29382d81b339c1817d37ec93c6",
                "sha256:c8716a48d94b06bb3b2524c2b77e055fb313aeb4ea620c8dd03a105574ba704f",
                "sha256:cd5df75523866410809ca100dc9681e301e3c27567cf498077e8551b6d20e42f",
                "sha256:cdb132fc825c38e1aeec2c8aa9338310d29d337bebbd7baa06889d09a60a1fa2",
                "sha256:e249096428b3ae81b08327a63a485ad0878de3fb939049038579ac0ef61e17e7",
                "sha256:e8313f01ba26fbbe36c7be1966a7b7424942f670f38e666995b88d012765b9be"
            ],
            "version": "==1.1.1"
        },
        "matplotlib": {
            "hashes": [
                "sha256:1ae6549976b6ceb6ee426272a28c0fc9715b3e3669694d560c8f661c5b39e2c5",
                "sha256:4d4250bf508dd07cca3b43888097f873cadb66eec6ac63dbbfb798798ec07af2",
                "sha256:53af2e01d7f1700ed2b64a9091bc865360c9c4032f625451c4589a826854c787",
                "sha256:63e498067d32d627111cd1162cae1621f1221f9d4c6a9745dd7233f29de581b6",
                "sha256:7169a34971e398dd58e87e173f97366fd88a3fa80852704530433eb224a8ca57",
                "sha256:91c54d6bb9eeaaff965656c5ea6cbdcbf780bad8462ac99b30b451548194746f",
                "sha256:aeef177647bb3fccfe09065481989d7dfc5ac59e9367d6a00a3481062cf651e4",
                "sha256:cf8ae10559a78aee0409ede1e9d4fda03895433eeafe609dd9ed67e45f552db0",
                "sha256:d51d0889d1c4d51c51a9822265c0494ea3e70a52bdd88358e0863daca46fa23a",
                "sha256:de5ccd3500247f85fe4f9fad90f80a8bd397e4f110a4c33fabf95f07403e8372",
                "sha256:e1d33589e32f482d0a7d1957bf473d43341115d40d33f578dad44432e47df7b7",
                "sha256:e8d1939262aa6b36d0c51f50a50a43a04b9618d20db31e6c0192b1463067aeef",
                "sha256:e918d51b1fda82a65fdf52d2f3914b2246481cc2a9cd10e223e6be6078916ff3"
            ],
            "index": "pypi",
            "version": "==3.0.3"
        },
        "numpy": {
            "hashes": [
                "sha256:1980f8d84548d74921685f68096911585fee393975f53797614b34d4f409b6da",
                "sha256:22752cd809272671b273bb86df0f505f505a12368a3a5fc0aa811c7ece4dfd5c",
                "sha256:23cc40313036cffd5d1873ef3ce2e949bdee0646c5d6f375bf7ee4f368db2511",
                "sha256:2b0b118ff547fecabc247a2668f48f48b3b1f7d63676ebc5be7352a5fd9e85a5",
                "sha256:3a0bd1edf64f6a911427b608a894111f9fcdb25284f724016f34a84c9a3a6ea9",
                "sha256:3f25f6c7b0d000017e5ac55977a3999b0b1a74491eacb3c1aa716f0e01f6dcd1",
                "sha256:4061c79ac2230594a7419151028e808239450e676c39e58302ad296232e3c2e8",
                "sha256:560ceaa24f971ab37dede7ba030fc5d8fa173305d94365f814d9523ffd5d5916",
                "sha256:62be044cd58da2a947b7e7b2252a10b42920df9520fc3d39f5c4c70d5460b8ba",
                "sha256:6c692e3879dde0b67a9dc78f9bfb6f61c666b4562fd8619632d7043fb5b691b0",
                "sha256:6f65e37b5a331df950ef6ff03bd4136b3c0bbcf44d4b8e99135d68a537711b5a",
                "sha256:7a78cc4ddb253a55971115f8320a7ce28fd23a065fc33166d601f51760eecfa9",
                "sha256:80a41edf64a3626e729a62df7dd278474fc1726836552b67a8c6396fd7e86760",
                "sha256:893f4d75255f25a7b8516feb5766c6b63c54780323b9bd4bc51cdd7efc943c73",
                "sha256:972ea92f9c1b54cc1c1a3d8508e326c0114aaf0f34996772a30f3f52b73b942f",
                "sha256:9f1d4865436f794accdabadc57a8395bd3faa755449b4f65b88b7df65ae05f89",
                "sha256:9f4cd7832b35e736b739be03b55875706c8c3e5fe334a06210f1a61e5c2c8ca5",
                "sha256:adab43bf657488300d3aeeb8030d7f024fcc86e3a9b8848741ea2ea903e56610",
                "sha256:bd2834d496ba9b1bdda3a6cf3de4dc0d4a0e7be306335940402ec95132ad063d",
                "sha256:d20c0360940f30003a23c0adae2fe50a0a04f3e48dc05c298493b51fd6280197",
                "sha256:d3b3ed87061d2314ff3659bb73896e622252da52558f2380f12c421fbdee3d89",
                "sha256:dc235bf29a406dfda5790d01b998a1c01d7d37f449128c0b1b7d1c89a84fae8b",
                "sha256:fb3c83554f39f48f3fa3123b9c24aecf681b1c289f9334f8215c1d3c8e2f6e5b"
            ],
            "index": "pypi",
            "version": "==1.16.2"
        },
        "openpyxl": {
            "hashes": [
                "sha256:1d2af392cef8c8227bd2ac3ebe3a28b25aba74fd4fa473ce106065f0b73bfe2e"
            ],
            "index": "pypi",
            "version": "==2.6.2"
        },
        "pdfdocument": {
            "hashes": [
                "sha256:e7b7149506fc2bc7cb6a75a69b836b14710cbcdc1e10c19cc372e8f6efc215cb",
                "sha256:eb17f1ba0988bed5886f35a86aca8a82f5a042b157ed7600251452ff3ae2dcbc"
            ],
            "index": "pypi",
            "version": "==4.0.0"
        },
        "pdfminer": {
            "hashes": [
                "sha256:9e700bc731300ed5c8936343c1dd4529638184198e54e91dd2b59b64a755dc01"
            ],
            "index": "pypi",
            "version": "==20191125"
        },
        "pdfminer3k": {
            "hashes": [
                "sha256:9f0a5560a2a8e3fd3ba16903b095da184ac936f776e0de2eb2fcbc71295eb186",
                "sha256:ddb08c34edf2751b121d832a34015247cab2d3c39a3f3797b33e9618821f6bc4"
            ],
            "index": "pypi",
            "version": "==1.3.2"
        },
        "pillow": {
            "hashes": [
                "sha256:04766c4930c174b46fd72d450674612ab44cca977ebbcc2dde722c6933290107",
                "sha256:0e2a3bceb0fd4e0cb17192ae506d5f082b309ffe5fc370a5667959c9b2f85fa3",
                "sha256:0f01e63c34f0e1e2580cc0b24e86a5ccbbfa8830909a52ee17624c4193224cd9",
                "sha256:12e4bad6bddd8546a2f9771485c7e3d2b546b458ae8ff79621214119ac244523",
                "sha256:1f694e28c169655c50bb89a3fa07f3b854d71eb47f50783621de813979ba87f3",
                "sha256:3d25dd8d688f7318dca6d8cd4f962a360ee40346c15893ae3b95c061cdbc4079",
                "sha256:4b02b9c27fad2054932e89f39703646d0c543f21d3cc5b8e05434215121c28cd",
                "sha256:9744350687459234867cbebfe9df8f35ef9e1538f3e729adbd8fde0761adb705",
                "sha256:a0b49960110bc6ff5fead46013bcb8825d101026d466f3a4de3476defe0fb0dd",
                "sha256:ae2b270f9a0b8822b98655cb3a59cdb1bd54a34807c6c56b76dd2e786c3b7db3",
                "sha256:b37bb3bd35edf53125b0ff257822afa6962649995cbdfde2791ddb62b239f891",
                "sha256:b532bcc2f008e96fd9241177ec580829dee817b090532f43e54074ecffdcd97f",
                "sha256:b67a6c47ed963c709ed24566daa3f95a18f07d3831334da570c71da53d97d088",
                "sha256:b943e71c2065ade6fef223358e56c167fc6ce31c50bc7a02dd5c17ee4338e8ac",
                "sha256:ccc9ad2460eb5bee5642eaf75a0438d7f8887d484490d5117b98edd7f33118b7",
                "sha256:d23e2aa9b969cf9c26edfb4b56307792b8b374202810bd949effd1c6e11ebd6d",
                "sha256:eaa83729eab9c60884f362ada982d3a06beaa6cc8b084cf9f76cae7739481dfa",
                "sha256:ee94fce8d003ac9fd206496f2707efe9eadcb278d94c271f129ab36aa7181344",
                "sha256:f455efb7a98557412dc6f8e463c1faf1f1911ec2432059fa3e582b6000fc90e2",
                "sha256:f46e0e024346e1474083c729d50de909974237c72daca05393ee32389dabe457",
                "sha256:f54be399340aa602066adb63a86a6a5d4f395adfdd9da2b9a0162ea808c7b276",
                "sha256:f784aad988f12c80aacfa5b381ec21fd3f38f851720f652b9f33facc5101cf4d"
            ],
            "version": "==7.1.2"
        },
        "pycryptodome": {
            "hashes": [
                "sha256:07024fc364869eae8d6ac0d316e089956e6aeffe42dbdcf44fe1320d96becf7f",
                "sha256:09b6d6bcc01a4eb1a2b4deeff5aa602a108ec5aed8ac75ae554f97d1d7f0a5ad",
                "sha256:0e10f352ccbbcb5bb2dc4ecaf106564e65702a717d72ab260f9ac4c19753cfc2",
                "sha256:1f4752186298caf2e9ff5354f2e694d607ca7342aa313a62005235d46e28cf04",
                "sha256:2fbc472e0b567318fe2052281d5a8c0ae70099b446679815f655e9fbc18c3a65",
                "sha256:3ec3dc2f80f71fd0c955ce48b81bfaf8914c6f63a41a738f28885a1c4892968a",
                "sha256:426c188c83c10df71f053e04b4003b1437bae5cb37606440e498b00f160d71d0",
                "sha256:626c0a1d4d83ec6303f970a17158114f75c3ba1736f7f2983f7b40a265861bd8",
                "sha256:767ad0fb5d23efc36a4d5c2fc608ac603f3de028909bcf59abc943e0d0bc5a36",
                "sha256:7ac729d9091ed5478af2b4a4f44f5335a98febbc008af619e4569a59fe503e40",
                "sha256:83295a3fb5cf50c48631eb5b440cb5e9832d8c14d81d1d45f4497b67a9987de8",
                "sha256:8be56bde3312e022d9d1d6afa124556460ad5c844c2fc63642f6af723c098d35",
                "sha256:8f06556a8f7ea7b1e42eff39726bb0dca1c251205debae64e6eebea3cd7b438a",
                "sha256:9230fcb5d948c3fb40049bace4d33c5d254f8232c2c0bba05d2570aea3ba4520",
                "sha256:9378c309aec1f8cd8bad361ed0816a440151b97a2a3f6ffdaba1d1a1fb76873a",
                "sha256:9977086e0f93adb326379897437373871b80501e1d176fec63c7f46fb300c862",
                "sha256:9a94fca11fdc161460bd8659c15b6adef45c1b20da86402256eaf3addfaab324",
                "sha256:9c739b7795ccf2ef1fdad8d44e539a39ad300ee6786e804ea7f0c6a786eb5343",
                "sha256:b1e332587b3b195542e77681389c296e1837ca01240399d88803a075447d3557",
                "sha256:c109a26a21f21f695d369ff9b87f5d43e0d6c768d8384e10bc74142bed2e092e",
                "sha256:c818dc1f3eace93ee50c2b6b5c2becf7c418fa5dd1ba6fc0ef7db279ea21d5e4",
                "sha256:cff31f5a8977534f255f729d5d2467526f2b10563a30bbdade92223e0bf264bd",
                "sha256:d4f94368ce2d65873a87ad867eb3bf63f4ba81eb97a9ee66d38c2b71ce5a7439",
                "sha256:d61b012baa8c2b659e9890011358455c0019a4108536b811602d2f638c40802a",
                "sha256:d6e1bc5c94873bec742afe2dfadce0d20445b18e75c47afc0c115b19e5dd38dd",
                "sha256:ea83bcd9d6c03248ebd46e71ac313858e0afd5aa2fa81478c0e653242f3eb476",
                "sha256:ed5761b37615a1f222c5345bbf45272ae2cf8c7dff88a4f53a1e9f977cbb6d95",
                "sha256:f011cd0062e54658b7086a76f8cf0f4222812acc66e219e196ea2d0a8849d0ed",
                "sha256:f1add21b6d179179b3c177c33d18a2186a09cc0d3af41ff5ed3f377360b869f2",
                "sha256:f655addaaaa9974108d4808f4150652589cada96074c87115c52e575bfcd87d5"
            ],
            "version": "==3.9.7"
        },
        "pyocr": {
            "hashes": [
                "sha256:0857a814f5c74186f79b2080792f5a17b5e7c613696df23e0d1cdc5597cab2e3"
            ],
            "index": "pypi",
            "version": "==0.6"
        },
        "pyodbc": {
            "hashes": [
                "sha256:0e89294da8bd1d1dd37799d07ee9c4ecfea821a9a6e6f51566a0efef5cff0495",
                "sha256:19c2132f7a1c573eae1b5ea8915143243b2b557ea2fae551d833ecbac79b2c6e",
                "sha256:2c673a6d3247c1e2a636d18f3e02742381778c4194da5e583f03dc3ea050598a",
                "sha256:3d00077859d214915c089624c459ec05b823ffc89071657eec109389909b19d3",
                "sha256:44430048ede2b47cb2b1d45f9d6d00d2575752942160f8c75a2a588ae3602e66",
                "sha256:59623016dd429ea2e258a8d4d08b661ae497aeb6ea24e14cb67af3bf3d263ce3",
                "sha256:9d5549c49846a40a0f6e1cd9fd2ab147d4c77452ce74452a103e2c244e38a441",
                "sha256:a229ae7b487a123e2a1d09ad529ce3a7857957c87679246e87874697cad5d9ed",
                "sha256:a3f82f853ae71f5a2be7cdd29e51d197984147d3682fb326eff3e44ea03d617b",
                "sha256:b5e46d768ab7a4ac7621ba1499678e77d2bf143222c60a9c4c3c8f8e7a0c7ef6",
                "sha256:c0747d54c066acf79a4e042906f558a27755939f673479ce4dcd88cb9bab09c9",
                "sha256:d10754f5534dffd04f5ebb2fc321ac59ee6d2f3ddfeb161701094f4e2df63a7e",
                "sha256:e455a58b807ed9c4c7ea3f712bf0ad04a3400baf93a14b016e81219a0eb0831b",
                "sha256:e52700b5d24a846483b5ab80acd9153f8e593999c9184ffea11596288fb33de3",
                "sha256:f1abc331975f1a2131d235f87a683b55c7d55a198fcf5fae02267a26d849e323",
                "sha256:fc661323bd8339759fafb2081e9d20b576c988994f9f8b3dd936f5bc8b974dd8"
            ],
            "index": "pypi",
            "version": "==4.0.26"
        },
        "pyparsing": {
            "hashes": [
                "sha256:c203ec8783bf771a155b207279b9bccb8dea02d8f0c9e5f8ead507bc3246ecc1",
                "sha256:ef9d7589ef3c200abe66653d3f1ab1033c3c419ae9b9bdb1240a85b024efc88b"
            ],
            "version": "==2.4.7"
        },
        "pypdf2": {
            "hashes": [
                "sha256:e28f902f2f0a1603ea95ebe21dff311ef09be3d0f0ef29a3e44a932729564385"
            ],
            "index": "pypi",
            "version": "==1.26.0"
        },
        "python-dateutil": {
            "hashes": [
                "sha256:73ebfe9dbf22e832286dafa60473e4cd239f8592f699aa5adaf10050e6e1823c",
                "sha256:75bb3f31ea686f1197762692a9ee6a7550b59fc6ca3a1f4b5d7e32fb98e2da2a"
            ],
            "version": "==2.8.1"
        },
        "pytz": {
            "hashes": [
                "sha256:a494d53b6d39c3c6e44c3bec237336e14305e4f29bbf800b599253057fbb79ed",
                "sha256:c35965d010ce31b23eeb663ed3cc8c906275d6be1a34393a1d73a41febf4a048"
            ],
            "version": "==2020.1"
        },
        "pywavelets": {
            "hashes": [
                "sha256:076ca8907001fdfe4205484f719d12b4a0262dfe6652fa1cfc3c5c362d14dc84",
                "sha256:18a51b3f9416a2ae6e9a35c4af32cf520dd7895f2b69714f4aa2f4342fca47f9",
                "sha256:1a64b40f6acb4ffbaccce0545d7fc641744f95351f62e4c6aaa40549326008c9",
                "sha256:35959c041ec014648575085a97b498eafbbaa824f86f6e4a59bfdef8a3fe6308",
                "sha256:55e39ec848ceec13c9fa1598253ae9dd5c31d09dfd48059462860d2b908fb224",
                "sha256:6162dc0ae04669ea04b4b51420777b9ea2d30b0a9d02901b2a3b4d61d159c2e9",
                "sha256:68b5c33741d26c827074b3d8f0251de1c3019bb9567b8d303eb093c822ce28f1",
                "sha256:720dbcdd3d91c6dfead79c80bf8b00a1d8aa4e5d551dc528c6d5151e4efc3403",
                "sha256:7947e51ca05489b85928af52a34fe67022ab5b81d4ae32a4109a99e883a0635e",
                "sha256:79f5b54f9dc353e5ee47f0c3f02bebd2c899d49780633aa771fed43fa20b3149",
                "sha256:80b924edbc012ded8aa8b91cb2fd6207fb1a9a3a377beb4049b8a07445cec6f0",
                "sha256:889d4c5c5205a9c90118c1980df526857929841df33e4cd1ff1eff77c6817a65",
                "sha256:935ff247b8b78bdf77647fee962b1cc208c51a7b229db30b9ba5f6da3e675178",
                "sha256:98b2669c5af842a70cfab33a7043fcb5e7535a690a00cd251b44c9be0be418e5",
                "sha256:9e2528823ccf5a0a1d23262dfefe5034dce89cd84e4e124dc553dfcdf63ebb92",
                "sha256:bc5e87b72371da87c9bebc68e54882aada9c3114e640de180f62d5da95749cd3",
                "sha256:be105382961745f88d8196bba5a69ee2c4455d87ad2a2e5d1eed6bd7fda4d3fd",
                "sha256:c06d2e340c7bf8b9ec71da2284beab8519a3908eab031f4ea126e8ccfc3fd567",
                "sha256:cfe79844526dd92e3ecc9490b5031fca5f8ab607e1e858feba232b1b788ff0ea",
                "sha256:d510aef84d9852653d079c84f2f81a82d5d09815e625f35c95714e7364570ad4",
                "sha256:e02a0558e0c2ac8b8bbe6a6ac18c136767ec56b96a321e0dfde2173adfa5a504"
            ],
            "version": "==1.1.1"
        },
        "pyyaml": {
            "hashes": [
                "sha256:06a0d7ba600ce0b2d2fe2e78453a470b5a6e000a985dd4a4e54e436cc36b0e97",
                "sha256:240097ff019d7c70a4922b6869d8a86407758333f02203e0fc6ff79c5dcede76",
                "sha256:4f4b913ca1a7319b33cfb1369e91e50354d6f07a135f3b901aca02aa95940bd2",
                "sha256:69f00dca373f240f842b2931fb2c7e14ddbacd1397d57157a9b005a6a9942648",
                "sha256:73f099454b799e05e5ab51423c7bcf361c58d3206fa7b0d555426b1f4d9a3eaf",
                "sha256:74809a57b329d6cc0fdccee6318f44b9b8649961fa73144a98735b0aaf029f1f",
                "sha256:7739fc0fa8205b3ee8808aea45e968bc90082c10aef6ea95e855e10abf4a37b2",
                "sha256:95f71d2af0ff4227885f7a6605c37fd53d3a106fcab511b8860ecca9fcf400ee",
                "sha256:b8eac752c5e14d3eca0e6dd9199cd627518cb5ec06add0de9d32baeee6fe645d",
                "sha256:cc8955cfbfc7a115fa81d85284ee61147059a753344bc51098f3ccd69b0d7e0c",
                "sha256:d13155f591e6fcc1ec3b30685d50bf0711574e2c0dfffd7644babf8b5102ca1a"
            ],
            "version": "==5.3.1"
        },
        "render": {
            "hashes": [
                "sha256:ab502802db7dab16a11d54809f9762f489b4bd1847c2a541f473736346b5c331"
            ],
            "index": "pypi",
            "version": "==1.0.0"
        },
        "reportlab": {
            "hashes": [
                "sha256:072da175f9586fd0457242d7eb4ccf8284b65f8c4ec33ec4fa39c511ca2c6e10",
                "sha256:12b1deee658b6a9766e7aca061dfa52c396e984fb328178480ae11ff7717cda4",
                "sha256:28c56f85900bc9632ac6c44f71629a34da3a7da0904a19ecbf69ea7aec976bf3",
                "sha256:2ac6bf19ecc60149895273932910b7cde61bcfc6701326094078eee489265de5",
                "sha256:31feebbfd476201e82aecf750201acb1ea7d3b29217d2e0ca0a297d1189a78af",
                "sha256:330aa2b493c9a42b28c65b5b4c7de4c4f372b1292f082b1a097d56b12e2ba097",
                "sha256:39ae8212a07a18f0e3ee0a3bca6e5a37abac470f934e5a1a117209f989618373",
                "sha256:3af29daf6681fb1c6abbe8a948c6cdf241c7d9bcdce4b881076323e70b44865c",
                "sha256:3d33f934e13263fac098672840f8e0959643b747a516a50792868c3ae7251c37",
                "sha256:3ea95bcfcba08eb4030e3b62efc01ff9e547eea7887311f00685c729cabce038",
                "sha256:45f4aab315f301b4c184f1ee5fb4234fd1388335b191cf827ea977a98b0158dc",
                "sha256:497c8d56d2f98561b78d9e21d9a2a39ab9e2dd81db699f1cddcba744ba455330",
                "sha256:4f4463f1591cf66996a292835f04a521470cf9a479724017a9227125f49f7492",
                "sha256:553658b979b3e8dd662cd8c37d1955cc832b2c000f4cb6d076d8401d771dd85f",
                "sha256:5a8430eed5fc7d15c868fdf5673c94440710e7d1a77ea5bbd4f634e3e6fb5f9c",
                "sha256:5cc32b8ce94c9345fe59af2cbf47edb1c1615304b67f522957666485f87694f7",
                "sha256:5d851a20981e6ea29b643e59807997ca96ceeded4bf431ba9618171d8e383091",
                "sha256:64f7cfa75b9b9a1eebf2a3fe5667a01953e1cb8946b0d14f165b9381ec2fdbaf",
                "sha256:650ec96cc3cb86ae27987db5d36abe530ef45ec67032c4633c776dd3ab016ca4",
                "sha256:6771e0875203d130f1f9c9c04f26084178cb4720552580af8b393cf70c4943a5",
                "sha256:67f5b94ba44a4e764974b0ee9d2f574c593c11ec1cb19aedd17a1bebc35a597e",
                "sha256:6d6815a925c071a0b887c968d39527e9b3db962a151d2aabdd954beafd4431ad",
                "sha256:6e6e3041b742a73c71c0dc49875524338998cbf6a498077e40d4589f8448f3ed",
                "sha256:6fb58a2fdc725a601d225f377b3e1cc3837f8f560cc6c2ceeb8028010031fd65",
                "sha256:7c36e52452147e64a48a05ac56340b45aa3f0c64f2b2e38145ea15190c369621",
                "sha256:8194698254932234a1164694a5b8c84d8010db6ff71a8985c6133d21ed9767ea",
                "sha256:9c21f202697a6cea57b9d716288fc919d99cbabeb30222eebfc7ff77eac32744",
                "sha256:9ffbdbac35c084c2026c4d978498017b5433a61adfe6c1e500c506d38707b39c",
                "sha256:ab6acd99073081d708339e26475e93fe48139233a2ab7f43fc54560e1e00155a",
                "sha256:bd1c855249f5508a50e3ddc7b4e957e4a537597bd41e66e71bdc027bbcfa7534",
                "sha256:c14de6b939ad2ea63e4149e3e4eae1089e20afae1ef805345f73193f25ac9e5f",
                "sha256:cb24edd3e659c783abee1162559cc2a94537974fc73d73da7e3a7021b1ab9803",
                "sha256:d144680292a868cbfe02db25eecbf53623af02e42ff05822439f1434156e7863",
                "sha256:db5c44a77f10357f5c2c25545b7fbc009616274f9ac1876b00398693d0fc4324",
                "sha256:e326b2d48ccaf17322f86c23cd78900e50facf27b93ce50e4a2902a5f31ac343",
                "sha256:e6c3fc2866b853b6b9d4b5d79cfff89c5687fc70a155a05dcfdd278747d441db",
                "sha256:ef817701f45bb6974cfc0a488fd9a76c4190948c456234490174d1f2112b0a2c",
                "sha256:eff08b53ab4fa2adf4b763e56dd1369d6c1cb2a18d3daee7a5f53b25198c0a36",
                "sha256:f18ad0212b7204f5fae37682ec4760a11e1130c294294cfcd900d202d90ed9d9",
                "sha256:f7e4e8adc959dd65e127ae0865fb278d40b34ee2ae8e41e2c5fa8dc83cea273b"
            ],
            "version": "==3.5.42"
        },
        "requests": {
            "hashes": [
                "sha256:43999036bfa82904b6af1d99e4882b560e5e2c68e5c4b0aa03b655f3d7d73fee",
                "sha256:b3f43d496c6daba4493e7c431722aeb7dbc6288f52a6e04e7b6023b0247817e6"
            ],
            "version": "==2.23.0"
        },
        "scikit-learn": {
            "hashes": [
                "sha256:018f470a7e685767d84ce6fac87af59e064e87ec3cea71eaf12646f9538e293d",
                "sha256:0ae00d570331b8a5c552f721167818b4739a5c855fbc76b11231ccdea2dd26ab",
                "sha256:13079520dd8211967d1871e439b59818d335439672818e9683847091d0e07778",
                "sha256:1c133749a526b33af2b6695d94d2cc43ba212c5aa7bd3a45619335556ced7637",
                "sha256:382e7053567b7b11e862782e3de2940e2141be24e6262aa0b4a9cb7fdd61f85a",
                "sha256:384df81fdba12d21063072f2cf472a7a8425a3d4fa3915faef0a88e94e07b332",
                "sha256:4705073de7bbcc6b9cd2f24dc9189aa8d3935e8621d3e65546c4b7fee9a042bf",
                "sha256:4f829d6c09b997e1d0a998f970cf3ff82cd6796d56148c63c29174367878d490",
                "sha256:51a933224b1b11986d4c7c123e5b28eb69602899d0179e6888b7abf2ffc85265",
                "sha256:63ad98c6512b52aebde9bd806ec1127e13e2a8d42a00ebdf805153819f7c2cad",
                "sha256:67e15514c9df4c5354b3ecc89451f5baa0f1b62c7ed68f4d20febf9c9d9e17a6",
                "sha256:75f0e0e93851b30639baabfc1a4433aabc57eef269d55ee4c6f649fb60686218",
                "sha256:89609708e819342dd5c94617fd53a36187d7d6a80435ddb282f6a60b058dbe77",
                "sha256:8ca274d4e91685e4547af718b6f1e9a9d4912c7a6dcb0c68925de84f81a09d2a",
                "sha256:9987f3d31efc427ebf9926f703e5171552cfb3b6935f880e4f0d3a17b7f91540",
                "sha256:9f3e08dbd3f2f574913faba9b48d3c24a43fcc0eb14a0e962431005434b9cfe6",
                "sha256:a7a403bcea250cac37971058fca0c30b0144737a375f99d3855e5e7a34c43348",
                "sha256:ad7e4e823db1271d344e0c3ce0988b2e0fecc49079eec9c818d866c38b2824bd",
                "sha256:b1e9037a582e650d866324a50d2741724ea5f6c175200bef0b549d014898035a",
                "sha256:b82fbd8843ead2640158b2c0946d354b66f3d49472e6790d70c4ceec35663b3f",
                "sha256:b91c82bfd25145d428de99429de97d7a1c2c2658c212689fe2839b29a5251159",
                "sha256:ba57b73ec7074f60bb85f953296df437784d560553d0cc04b253c43f1846ccad",
                "sha256:c503802a81de18b8b4d40d069f5e363795ee44b1605f38bc104160ca3bfe2c41",
                "sha256:d30e8e0dffbc299533f47044fec26c5087473cb29cf51f1995986ac8354c7b4c",
                "sha256:d89b810bfb0e16a0de7f18773849bdf83dd7fd0614ae5225e5a9214cdb9be245",
                "sha256:e22e1d47def2944ad7a12c09452de085587ec5baad2174683e56a42b6918a76f",
                "sha256:f650ddc023c95681fccd5e297820f35de039e008265040c08188be95b3275a0f",
                "sha256:f7d4b3885ad1a7a6f07719ab6b1790d9892d6d41d973e8d4543a93bb15226fb4"
            ],
            "index": "pypi",
            "version": "==0.20.3"
        },
        "scipy": {
            "hashes": [
                "sha256:00af72998a46c25bdb5824d2b729e7dabec0c765f9deb0b504f928591f5ff9d4",
                "sha256:0902a620a381f101e184a958459b36d3ee50f5effd186db76e131cbefcbb96f7",
                "sha256:1e3190466d669d658233e8a583b854f6386dd62d655539b77b3fa25bfb2abb70",
                "sha256:2cce3f9847a1a51019e8c5b47620da93950e58ebc611f13e0d11f4980ca5fecb",
                "sha256:3092857f36b690a321a662fe5496cb816a7f4eecd875e1d36793d92d3f884073",
                "sha256:386086e2972ed2db17cebf88610aab7d7f6e2c0ca30042dc9a89cf18dcc363fa",
                "sha256:71eb180f22c49066f25d6df16f8709f215723317cc951d99e54dc88020ea57be",
                "sha256:770254a280d741dd3436919d47e35712fb081a6ff8bafc0f319382b954b77802",
                "sha256:787cc50cab3020a865640aba3485e9fbd161d4d3b0d03a967df1a2881320512d",
                "sha256:8a07760d5c7f3a92e440ad3aedcc98891e915ce857664282ae3c0220f3301eb6",
                "sha256:8d3bc3993b8e4be7eade6dcc6fd59a412d96d3a33fa42b0fa45dc9e24495ede9",
                "sha256:9508a7c628a165c2c835f2497837bf6ac80eb25291055f56c129df3c943cbaf8",
                "sha256:a144811318853a23d32a07bc7fd5561ff0cac5da643d96ed94a4ffe967d89672",
                "sha256:a1aae70d52d0b074d8121333bc807a485f9f1e6a69742010b33780df2e60cfe0",
                "sha256:a2d6df9eb074af7f08866598e4ef068a2b310d98f87dc23bd1b90ec7bdcec802",
                "sha256:bb517872058a1f087c4528e7429b4a44533a902644987e7b2fe35ecc223bc408",
                "sha256:c5cac0c0387272ee0e789e94a570ac51deb01c796b37fb2aad1fb13f85e2f97d",
                "sha256:cc971a82ea1170e677443108703a2ec9ff0f70752258d0e9f5433d00dda01f59",
                "sha256:dba8306f6da99e37ea08c08fef6e274b5bf8567bb094d1dbe86a20e532aca088",
                "sha256:dc60bb302f48acf6da8ca4444cfa17d52c63c5415302a9ee77b3b21618090521",
                "sha256:dee1bbf3a6c8f73b6b218cb28eed8dd13347ea2f87d572ce19b289d6fd3fbc59"
            ],
            "version": "==1.4.1"
        },
        "six": {
            "hashes": [
                "sha256:30639c035cdb23534cd4aa2dd52c3bf48f06e5f4a941509c8bafd8ce11080259",
                "sha256:8b74bedcbbbaca38ff6d7491d76f2b06b3592611af620f8426e82dddb04a5ced"
            ],
            "version": "==1.15.0"
        },
        "sqlparse": {
            "hashes": [
                "sha256:022fb9c87b524d1f7862b3037e541f68597a730a8843245c349fc93e1643dc4e",
                "sha256:e162203737712307dfe78860cc56c8da8a852ab2ee33750e33aeadf38d12c548"
            ],
            "version": "==0.3.1"
        },
        "svm": {
            "hashes": [
                "sha256:6532164dacf9a7baaef96b4c6cb1a5c7a20859fbb214d27a0b630df8fe5fdd54"
            ],
            "index": "pypi",
            "version": "==0.1.0"
        },
        "urllib3": {
            "hashes": [
                "sha256:3018294ebefce6572a474f0604c2021e33b3fd8006ecd11d62107a5d2a963527",
                "sha256:88206b0eb87e6d677d424843ac5209e3fb9d0190d0ee169599165ec25e9d9115"
            ],
            "version": "==1.25.9"
        },
        "xmltodict": {
            "hashes": [
                "sha256:50d8c638ed7ecb88d90561beedbf720c9b4e851a9fa6c47ebd64e99d166d8a21",
                "sha256:8bbcb45cc982f48b2ca8fe7e7827c5d792f217ecf1792626f808bf41c3b86051"
            ],
            "version": "==0.12.0"
        }
    },
    "develop": {}
}
